github.com/google/uuid v1.6.0 h1:NIvaJDMOsjHA8n1jAhLSgzrAzy1Hgr+hNrb57e+94F0=
github.com/google/uuid v1.6.0/go.mod h1:TIyPZe4MgqvfeYDBFedMoGGpEw/LqOeaOT+nhxU+yHo=
github.com/lib/pq v1.10.9 h1:YXG7RB+JIjhP29X+OtkiDnYaXQwpS4JEWq7dtCCRUEw=
github.com/lib/pq v1.10.9/go.mod h1:AlVN5x4E4T544tWzH6hKfbfQvm3HdbOxrmggDNAPY9o=
modernc.org/libc v1.66.7 h1:rjhZ8OSCybKWxS1CJr0hikpEi6Vg+944Ouyrd+bQsoY=
modernc.org/libc v1.66.7/go.mod h1:ln6tbWX0NH+mzApEoDRvilBvAWFt1HX7AUA4VDdVDPM=
